{
  "name": "micro-chalk",
  "version": "1.1.0",
  "lockfileVersion": 1,
  "requires": true,
  "dependencies": {
    "@types/jest": {
      "version": "23.3.1",
      "resolved": "https://registry.npmjs.org/@types/jest/-/jest-23.3.1.tgz",
      "integrity": "sha512-/UMY+2GkOZ27Vrc51pqC5J8SPd39FKt7kkoGAtWJ8s4msj0b15KehDWIiJpWY3/7tLxBQLLzJhIBhnEsXdzpgw==",
      "dev": true
    }
  }
}
