{
  "name": "micro-chalk-docs",
  "version": "1.0.0",
  "lockfileVersion": 1,
  "requires": true,
  "dependencies": {
    "ace-builds": {
      "version": "1.4.1",
      "resolved": "https://registry.npmjs.org/ace-builds/-/ace-builds-1.4.1.tgz",
      "integrity": "sha512-ulsfTOi/oAXBIt9hYlK4asyFZYsFOOUAbwBZidbjWWJycRX4LtwIithMyndcnoQ4PavkZ0iGJ+c9nqHNiYbubA=="
    },
    "gitbook-plugin-jsfiddle": {
      "version": "1.0.1",
      "resolved": "https://registry.npmjs.org/gitbook-plugin-jsfiddle/-/gitbook-plugin-jsfiddle-1.0.1.tgz",
      "integrity": "sha512-5PFx/Eq52lTD61K0I+26YJ15mFg7UAaEn+K2h7u1CnfBV+pobH/0MwMQolLfBIfBeQfsAMVQvmXuzE/UpMLRPg=="
    },
    "juicy-ace-editor": {
      "version": "2.0.5",
      "resolved": "https://registry.npmjs.org/juicy-ace-editor/-/juicy-ace-editor-2.0.5.tgz",
      "integrity": "sha1-Q0wG902WcmOwztJLx4I4ZaGCGvE=",
      "requires": {
        "ace-builds": "^1.2.9"
      }
    },
    "xterm": {
      "version": "3.5.1",
      "resolved": "https://registry.npmjs.org/xterm/-/xterm-3.5.1.tgz",
      "integrity": "sha512-syTMd35T+gDXKkDfwZz8CC685OsSnRujXMO+3lYcD9U+dG3FShc+Ydx71IEjfYg7TYqD+qv6SU9KAKMuiAIiAg=="
    }
  }
}
