# THIS IS AN AUTOGENERATED FILE. DO NOT EDIT THIS FILE DIRECTLY.
# yarn lockfile v1


ace-builds@^1.2.9, ace-builds@~1.4.1:
  version "1.4.12"
  resolved "https://registry.yarnpkg.com/ace-builds/-/ace-builds-1.4.12.tgz#888efa386e36f4345f40b5233fcc4fe4c588fae7"
  integrity sha512-G+chJctFPiiLGvs3+/Mly3apXTcfgE45dT5yp12BcWZ1kUs+gm0qd3/fv4gsz6fVag4mM0moHVpjHDIgph6Psg==

gitbook-plugin-jsfiddle@^1.0.1:
  version "1.0.3"
  resolved "https://registry.yarnpkg.com/gitbook-plugin-jsfiddle/-/gitbook-plugin-jsfiddle-1.0.3.tgz#441ff26084afe8ecb541b7cedb3c0ad306be9256"
  integrity sha512-QbZJa36bNZw+W3QqwbupLVnvwBBcazmEcI3knYAyMPe6WcsDwTkixLrgUgUrTfdnq+cVSKf//hmk58rZaQiFCg==

juicy-ace-editor@^2.0.5:
  version "2.0.5"
  resolved "https://registry.yarnpkg.com/juicy-ace-editor/-/juicy-ace-editor-2.0.5.tgz#434c06f74d967263b0ced24bc7823865a1821af1"
  integrity sha1-Q0wG902WcmOwztJLx4I4ZaGCGvE=
  dependencies:
    ace-builds "^1.2.9"

xterm@^4.14.1:
  version "4.14.1"
  resolved "https://registry.yarnpkg.com/xterm/-/xterm-4.14.1.tgz#6884cb8fb3b83353b1a98139ea23daedf8e35796"
  integrity sha512-jgzNg5BuGPwq5/M4dGnmbghZvHx2jaj+9crSEt15bV34Za49VziBmCu7zIy88zUKKiGTxeo7aVzirFSJArIMFw==
