# THIS IS AN AUTOGENERATED FILE. DO NOT EDIT THIS FILE DIRECTLY.
# yarn lockfile v1


xterm@^4.14.1:
  version "4.14.1"
  resolved "https://registry.yarnpkg.com/xterm/-/xterm-4.14.1.tgz#6884cb8fb3b83353b1a98139ea23daedf8e35796"
  integrity sha512-jgzNg5BuGPwq5/M4dGnmbghZvHx2jaj+9crSEt15bV34Za49VziBmCu7zIy88zUKKiGTxeo7aVzirFSJArIMFw==
